
Microsoft Visual Studio Solution File, Format Version 12.00
# Visual Studio 15
VisualStudioVersion = 15.0.28307.489
MinimumVisualStudioVersion = 10.0.40219.1
Project("{2150E333-8FDC-42A3-9474-1A3956D46DE8}") = "0 - Presentation", "0 - Presentation", "{EF70AD83-CEE8-4BCB-9653-B0E141F34841}"
EndProject
Project("{2150E333-8FDC-42A3-9474-1A3956D46DE8}") = "1 - Services", "1 - Services", "{3707729E-E236-43FA-876A-D6942B8FF43E}"
EndProject
Project("{2150E333-8FDC-42A3-9474-1A3956D46DE8}") = "2 - Application", "2 - Application", "{65D8C10F-6F8A-44E3-956D-599D5AF4FBC8}"
EndProject
Project("{2150E333-8FDC-42A3-9474-1A3956D46DE8}") = "3 - Domain", "3 - Domain", "{19703BA2-9F53-40FB-A07F-08867DB48C6D}"
EndProject
Project("{2150E333-8FDC-42A3-9474-1A3956D46DE8}") = "4 - Infra", "4 - Infra", "{CA333915-7368-4078-B2E7-AAA94BC178AA}"
EndProject
Project("{2150E333-8FDC-42A3-9474-1A3956D46DE8}") = "4.1 - Data", "4.1 - Data", "{0ECCBBA4-6FA7-44C2-A906-6730E08558C2}"
EndProject
Project("{2150E333-8FDC-42A3-9474-1A3956D46DE8}") = "4.1 - CrossCutting", "4.1 - CrossCutting", "{371D9477-71C1-4599-8066-4A664240393A}"
EndProject
Project("{FAE04EC0-301F-11D3-BF4B-00C04F79EFBC}") = "ProjetoModeloDDD.MVC", "ProjetoModeloDDD.MVC\ProjetoModeloDDD.MVC.csproj", "{0B0611C8-F22A-41B2-8050-B199E7D2AF9E}"
EndProject
Project("{FAE04EC0-301F-11D3-BF4B-00C04F79EFBC}") = "ProjetoModeloDDD.Domain", "ProjetoModeloDDD.Domain\ProjetoModeloDDD.Domain.csproj", "{0E4FD4C8-12CC-484F-80A0-0B31A9E28217}"
EndProject
Project("{FAE04EC0-301F-11D3-BF4B-00C04F79EFBC}") = "ProjetoModeloDDD.Application", "ProjetoModeloDDD.Application\ProjetoModeloDDD.Application.csproj", "{AD72EFBE-1A3A-4C93-9CCC-2C6898681FBF}"
EndProject
Project("{FAE04EC0-301F-11D3-BF4B-00C04F79EFBC}") = "ProjetoModeloDDD.Infra.Data", "ProjetoModeloDDD.Infra.Data\ProjetoModeloDDD.Infra.Data.csproj", "{A0A44960-5E49-496F-BD41-D371D199174F}"
EndProject
Global
	GlobalSection(SolutionConfigurationPlatforms) = preSolution
		Debug|Any CPU = Debug|Any CPU
		Release|Any CPU = Release|Any CPU
	EndGlobalSection
	GlobalSection(ProjectConfigurationPlatforms) = postSolution
		{0B0611C8-F22A-41B2-8050-B199E7D2AF9E}.Debug|Any CPU.ActiveCfg = Debug|Any CPU
		{0B0611C8-F22A-41B2-8050-B199E7D2AF9E}.Debug|Any CPU.Build.0 = Debug|Any CPU
		{0B0611C8-F22A-41B2-8050-B199E7D2AF9E}.Release|Any CPU.ActiveCfg = Release|Any CPU
		{0B0611C8-F22A-41B2-8050-B199E7D2AF9E}.Release|Any CPU.Build.0 = Release|Any CPU
		{0E4FD4C8-12CC-484F-80A0-0B31A9E28217}.Debug|Any CPU.ActiveCfg = Debug|Any CPU
		{0E4FD4C8-12CC-484F-80A0-0B31A9E28217}.Debug|Any CPU.Build.0 = Debug|Any CPU
		{0E4FD4C8-12CC-484F-80A0-0B31A9E28217}.Release|Any CPU.ActiveCfg = Release|Any CPU
		{0E4FD4C8-12CC-484F-80A0-0B31A9E28217}.Release|Any CPU.Build.0 = Release|Any CPU
		{AD72EFBE-1A3A-4C93-9CCC-2C6898681FBF}.Debug|Any CPU.ActiveCfg = Debug|Any CPU
		{AD72EFBE-1A3A-4C93-9CCC-2C6898681FBF}.Debug|Any CPU.Build.0 = Debug|Any CPU
		{AD72EFBE-1A3A-4C93-9CCC-2C6898681FBF}.Release|Any CPU.ActiveCfg = Release|Any CPU
		{AD72EFBE-1A3A-4C93-9CCC-2C6898681FBF}.Release|Any CPU.Build.0 = Release|Any CPU
		{A0A44960-5E49-496F-BD41-D371D199174F}.Debug|Any CPU.ActiveCfg = Debug|Any CPU
		{A0A44960-5E49-496F-BD41-D371D199174F}.Debug|Any CPU.Build.0 = Debug|Any CPU
		{A0A44960-5E49-496F-BD41-D371D199174F}.Release|Any CPU.ActiveCfg = Release|Any CPU
		{A0A44960-5E49-496F-BD41-D371D199174F}.Release|Any CPU.Build.0 = Release|Any CPU
	EndGlobalSection
	GlobalSection(SolutionProperties) = preSolution
		HideSolutionNode = FALSE
	EndGlobalSection
	GlobalSection(NestedProjects) = preSolution
		{0ECCBBA4-6FA7-44C2-A906-6730E08558C2} = {CA333915-7368-4078-B2E7-AAA94BC178AA}
		{371D9477-71C1-4599-8066-4A664240393A} = {CA333915-7368-4078-B2E7-AAA94BC178AA}
		{0B0611C8-F22A-41B2-8050-B199E7D2AF9E} = {EF70AD83-CEE8-4BCB-9653-B0E141F34841}
		{0E4FD4C8-12CC-484F-80A0-0B31A9E28217} = {19703BA2-9F53-40FB-A07F-08867DB48C6D}
		{AD72EFBE-1A3A-4C93-9CCC-2C6898681FBF} = {65D8C10F-6F8A-44E3-956D-599D5AF4FBC8}
		{A0A44960-5E49-496F-BD41-D371D199174F} = {0ECCBBA4-6FA7-44C2-A906-6730E08558C2}
	EndGlobalSection
	GlobalSection(ExtensibilityGlobals) = postSolution
		SolutionGuid = {0C356991-4054-43D6-8A16-451647CF6658}
	EndGlobalSection
EndGlobal
